
Microsoft Visual Studio Solution File, Format Version 12.00
# Visual Studio Version 16
VisualStudioVersion = 16.0.31515.178
MinimumVisualStudioVersion = 10.0.40219.1
Project("{FAE04EC0-301F-11D3-BF4B-00C04F79EFBC}") = "ProjCarros", "ProjCarros.csproj", "{0D2E02A1-221C-41AE-B333-89DF5C060D65}"
EndProject
Project("{FAE04EC0-301F-11D3-BF4B-00C04F79EFBC}") = "ProjCarros.MVC", "..\ProjCarros.MVC\ProjCarros.MVC.csproj", "{DC217808-88E8-472C-9D60-217D214CF2AF}"
EndProject
Global
	GlobalSection(SolutionConfigurationPlatforms) = preSolution
		Debug|Any CPU = Debug|Any CPU
		Release|Any CPU = Release|Any CPU
	EndGlobalSection
	GlobalSection(ProjectConfigurationPlatforms) = postSolution
		{0D2E02A1-221C-41AE-B333-89DF5C060D65}.Debug|Any CPU.ActiveCfg = Debug|Any CPU
		{0D2E02A1-221C-41AE-B333-89DF5C060D65}.Debug|Any CPU.Build.0 = Debug|Any CPU
		{0D2E02A1-221C-41AE-B333-89DF5C060D65}.Release|Any CPU.ActiveCfg = Release|Any CPU
		{0D2E02A1-221C-41AE-B333-89DF5C060D65}.Release|Any CPU.Build.0 = Release|Any CPU
		{DC217808-88E8-472C-9D60-217D214CF2AF}.Debug|Any CPU.ActiveCfg = Debug|Any CPU
		{DC217808-88E8-472C-9D60-217D214CF2AF}.Debug|Any CPU.Build.0 = Debug|Any CPU
		{DC217808-88E8-472C-9D60-217D214CF2AF}.Release|Any CPU.ActiveCfg = Release|Any CPU
		{DC217808-88E8-472C-9D60-217D214CF2AF}.Release|Any CPU.Build.0 = Release|Any CPU
	EndGlobalSection
	GlobalSection(SolutionProperties) = preSolution
		HideSolutionNode = FALSE
	EndGlobalSection
	GlobalSection(ExtensibilityGlobals) = postSolution
		SolutionGuid = {3E623D47-8366-4B49-9109-2FF6C07AB8AE}
	EndGlobalSection
EndGlobal
